// !$*UTF8*$!
{
	archiveVersion = 1;
	classes = {
	};
	objectVersion = 50;
	objects = {

/* Begin PBXBuildFile section */
		F4D615DE20C00D460051FC5B /* AppDelegate.m in Sources */ = {isa = PBXBuildFile; fileRef = F4D615DD20C00D460051FC5B /* AppDelegate.m */; };
		F4D615E120C00D460051FC5B /* ViewController.m in Sources */ = {isa = PBXBuildFile; fileRef = F4D615E020C00D460051FC5B /* ViewController.m */; };
		F4D615E420C00D460051FC5B /* Main.storyboard in Resources */ = {isa = PBXBuildFile; fileRef = F4D615E220C00D460051FC5B /* Main.storyboard */; };
		F4D615E620C00D470051FC5B /* Assets.xcassets in Resources */ = {isa = PBXBuildFile; fileRef = F4D615E520C00D470051FC5B /* Assets.xcassets */; };
		F4D615E920C00D470051FC5B /* LaunchScreen.storyboard in Resources */ = {isa = PBXBuildFile; fileRef = F4D615E720C00D470051FC5B /* LaunchScreen.storyboard */; };
		F4D615EC20C00D470051FC5B /* main.m in Sources */ = {isa = PBXBuildFile; fileRef = F4D615EB20C00D470051FC5B /* main.m */; };
/* End PBXBuildFile section */

/* Begin PBXFileReference section */
		F4D615D920C00D460051FC5B /* Pumped Up Kicks.app */ = {isa = PBXFileReference; explicitFileType = wrapper.application; includeInIndex = 0; path = "Pumped Up Kicks.app"; sourceTree = BUILT_PRODUCTS_DIR; };
		F4D615DC20C00D460051FC5B /* AppDelegate.h */ = {isa = PBXFileReference; lastKnownFileType = sourcecode.c.h; path = AppDelegate.h; sourceTree = "<group>"; };
		F4D615DD20C00D460051FC5B /* AppDelegate.m */ = {isa = PBXFileReference; lastKnownFileType = sourcecode.c.objc; path = AppDelegate.m; sourceTree = "<group>"; };
		F4D615DF20C00D460051FC5B /* ViewController.h */ = {isa = PBXFileReference; lastKnownFileType = sourcecode.c.h; path = ViewController.h; sourceTree = "<group>"; };
		F4D615E020C00D460051FC5B /* ViewController.m */ = {isa = PBXFileReference; lastKnownFileType = sourcecode.c.objc; path = ViewController.m; sourceTree = "<group>"; };
		F4D615E320C00D460051FC5B /* Base */ = {isa = PBXFileReference; lastKnownFileType = file.storyboard; name = Base; path = Base.lproj/Main.storyboard; sourceTree = "<group>"; };
		F4D615E520C00D470051FC5B /* Assets.xcassets */ = {isa = PBXFileReference; lastKnownFileType = folder.assetcatalog; path = Assets.xcassets; sourceTree = "<group>"; };
		F4D615E820C00D470051FC5B /* Base */ = {isa = PBXFileReference; lastKnownFileType = file.storyboard; name = Base; path = Base.lproj/LaunchScreen.storyboard; sourceTree = "<group>"; };
		F4D615EA20C00D470051FC5B /* Info.plist */ = {isa = PBXFileReference; lastKnownFileType = text.plist.xml; path = Info.plist; sourceTree = "<group>"; };
		F4D615EB20C00D470051FC5B /* main.m */ = {isa = PBXFileReference; lastKnownFileType = sourcecode.c.objc; path = main.m; sourceTree = "<group>"; };
/* End PBXFileReference section */

/* Begin PBXFrameworksBuildPhase section */
		F4D615D620C00D460051FC5B /* Frameworks */ = {
			isa = PBXFrameworksBuildPhase;
			buildActionMask = 2147483647;
			files = (
			);
			runOnlyForDeploymentPostprocessing = 0;
		};
/* End PBXFrameworksBuildPhase section */

/* Begin PBXGroup section */
		F4D615D020C00D460051FC5B = {
			isa = PBXGroup;
			children = (
				F4D615DB20C00D460051FC5B /* Pumped Up Kicks */,
				F4D615DA20C00D460051FC5B /* Products */,
			);
			sourceTree = "<group>";
		};
		F4D615DA20C00D460051FC5B /* Products */ = {
			isa = PBXGroup;
			children = (
				F4D615D920C00D460051FC5B /* Pumped Up Kicks.app */,
			);
			name = Products;
			sourceTree = "<group>";
		};
		F4D615DB20C00D460051FC5B /* Pumped Up Kicks */ = {
			isa = PBXGroup;
			children = (
				F4D615DC20C00D460051FC5B /* AppDelegate.h */,
				F4D615DD20C00D460051FC5B /* AppDelegate.m */,
				F4D615DF20C00D460051FC5B /* ViewController.h */,
				F4D615E020C00D460051FC5B /* ViewController.m */,
				F4D615E220C00D460051FC5B /* Main.storyboard */,
				F4D615E520C00D470051FC5B /* Assets.xcassets */,
				F4D615E720C00D470051FC5B /* LaunchScreen.storyboard */,
				F4D615EA20C00D470051FC5B /* Info.plist */,
				F4D615EB20C00D470051FC5B /* main.m */,
			);
			path = "Pumped Up Kicks";
			sourceTree = "<group>";
		};
/* End PBXGroup section */

/* Begin PBXNativeTarget section */
		F4D615D820C00D460051FC5B /* Pumped Up Kicks */ = {
			isa = PBXNativeTarget;
			buildConfigurationList = F4D615EF20C00D470051FC5B /* Build configuration list for PBXNativeTarget "Pumped Up Kicks" */;
			buildPhases = (
				F4D615D520C00D460051FC5B /* Sources */,
				F4D615D620C00D460051FC5B /* Frameworks */,
				F4D615D720C00D460051FC5B /* Resources */,
			);
			buildRules = (
			);
			dependencies = (
			);
			name = "Pumped Up Kicks";
			productName = "Pumped Up Kicks";
			productReference = F4D615D920C00D460051FC5B /* Pumped Up Kicks.app */;
			productType = "com.apple.product-type.application";
		};
/* End PBXNativeTarget section */

/* Begin PBXProject section */
		F4D615D120C00D460051FC5B /* Project object */ = {
			isa = PBXProject;
			attributes = {
				LastUpgradeCheck = 0930;
				ORGANIZATIONNAME = "Maruf Nebil Ogunc";
				TargetAttributes = {
					F4D615D820C00D460051FC5B = {
						CreatedOnToolsVersion = 9.3;
					};
				};
			};
			buildConfigurationList = F4D615D420C00D460051FC5B /* Build configuration list for PBXProject "Pumped Up Kicks" */;
			compatibilityVersion = "Xcode 9.3";
			developmentRegion = en;
			hasScannedForEncodings = 0;
			knownRegions = (
				en,
				Base,
			);
			mainGroup = F4D615D020C00D460051FC5B;
			productRefGroup = F4D615DA20C00D460051FC5B /* Products */;
			projectDirPath = "";
			projectRoot = "";
			targets = (
				F4D615D820C00D460051FC5B /* Pumped Up Kicks */,
			);
		};
/* End PBXProject section */

/* Begin PBXResourcesBuildPhase section */
		F4D615D720C00D460051FC5B /* Resources */ = {
			isa = PBXResourcesBuildPhase;
			buildActionMask = 2147483647;
			files = (
				F4D615E920C00D470051FC5B /* LaunchScreen.storyboard in Resources */,
				F4D615E620C00D470051FC5B /* Assets.xcassets in Resources */,
				F4D615E420C00D460051FC5B /* Main.storyboard in Resources */,
			);
			runOnlyForDeploymentPostprocessing = 0;
		};
/* End PBXResourcesBuildPhase section */

/* Begin PBXSourcesBuildPhase section */
		F4D615D520C00D460051FC5B /* Sources */ = {
			isa = PBXSourcesBuildPhase;
			buildActionMask = 2147483647;
			files = (
				F4D615E120C00D460051FC5B /* ViewController.m in Sources */,
				F4D615EC20C00D470051FC5B /* main.m in Sources */,
				F4D615DE20C00D460051FC5B /* AppDelegate.m in Sources */,
			);
			runOnlyForDeploymentPostprocessing = 0;
		};
/* End PBXSourcesBuildPhase section */

/* Begin PBXVariantGroup section */
		F4D615E220C00D460051FC5B /* Main.storyboard */ = {
			isa = PBXVariantGroup;
			children = (
				F4D615E320C00D460051FC5B /* Base */,
			);
			name = Main.storyboard;
			sourceTree = "<group>";
		};
		F4D615E720C00D470051FC5B /* LaunchScreen.storyboard */ = {
			isa = PBXVariantGroup;
			children = (
				F4D615E820C00D470051FC5B /* Base */,
			);
			name = LaunchScreen.storyboard;
			sourceTree = "<group>";
		};
/* End PBXVariantGroup section */

/* Begin XCBuildConfiguration section */
		F4D615ED20C00D470051FC5B /* Debug */ = {
			isa = XCBuildConfiguration;
			buildSettings = {
				ALWAYS_SEARCH_USER_PATHS = NO;
				CLANG_ANALYZER_NONNULL = YES;
				CLANG_ANALYZER_NUMBER_OBJECT_CONVERSION = YES_AGGRESSIVE;
				CLANG_CXX_LANGUAGE_STANDARD = "gnu++14";
				CLANG_CXX_LIBRARY = "libc++";
				CLANG_ENABLE_MODULES = YES;
				CLANG_ENABLE_OBJC_ARC = YES;
				CLANG_ENABLE_OBJC_WEAK = YES;
				CLANG_WARN_BLOCK_CAPTURE_AUTORELEASING = YES;
				CLANG_WARN_BOOL_CONVERSION = YES;
				CLANG_WARN_COMMA = YES;
				CLANG_WARN_CONSTANT_CONVERSION = YES;
				CLANG_WARN_DEPRECATED_OBJC_IMPLEMENTATIONS = YES;
				CLANG_WARN_DIRECT_OBJC_ISA_USAGE = YES_ERROR;
				CLANG_WARN_DOCUMENTATION_COMMENTS = YES;
				CLANG_WARN_EMPTY_BODY = YES;
				CLANG_WARN_ENUM_CONVERSION = YES;
				CLANG_WARN_INFINITE_RECURSION = YES;
				CLANG_WARN_INT_CONVERSION = YES;
				CLANG_WARN_NON_LITERAL_NULL_CONVERSION = YES;
				CLANG_WARN_OBJC_IMPLICIT_RETAIN_SELF = YES;
				CLANG_WARN_OBJC_LITERAL_CONVERSION = YES;
				CLANG_WARN_OBJC_ROOT_CLASS = YES_ERROR;
				CLANG_WARN_RANGE_LOOP_ANALYSIS = YES;
				CLANG_WARN_STRICT_PROTOTYPES = YES;
				CLANG_WARN_SUSPICIOUS_MOVE = YES;
				CLANG_WARN_UNGUARDED_AVAILABILITY = YES_AGGRESSIVE;
				CLANG_WARN_UNREACHABLE_CODE = YES;
				CLANG_WARN__DUPLICATE_METHOD_MATCH = YES;
				CODE_SIGN_IDENTITY = "iPhone Developer";
				COPY_PHASE_STRIP = NO;
				DEBUG_INFORMATION_FORMAT = dwarf;
				ENABLE_STRICT_OBJC_MSGSEND = YES;
				ENABLE_TESTABILITY = YES;
				GCC_C_LANGUAGE_STANDARD = gnu11;
				GCC_DYNAMIC_NO_PIC = NO;
				GCC_NO_COMMON_BLOCKS = YES;
				GCC_OPTIMIZATION_LEVEL = 0;
				GCC_PREPROCESSOR_DEFINITIONS = (
					"DEBUG=1",
					"$(inherited)",
				);
				GCC_WARN_64_TO_32_BIT_CONVERSION = YES;
				GCC_WARN_ABOUT_RETURN_TYPE = YES_ERROR;
				GCC_WARN_UNDECLARED_SELECTOR = YES;
				GCC_WARN_UNINITIALIZED_AUTOS = YES_AGGRESSIVE;
				GCC_WARN_UNUSED_FUNCTION = YES;
				GCC_WARN_UNUSED_VARIABLE = YES;
				IPHONEOS_DEPLOYMENT_TARGET = 11.3;
				MTL_ENABLE_DEBUG_INFO = YES;
				ONLY_ACTIVE_ARCH = YES;
				SDKROOT = iphoneos;
			};
			name = Debug;
		};
		F4D615EE20C00D470051FC5B /* Release */ = {
			isa = XCBuildConfiguration;
			buildSettings = {
				ALWAYS_SEARCH_USER_PATHS = NO;
				CLANG_ANALYZER_NONNULL = YES;
				CLANG_ANALYZER_NUMBER_OBJECT_CONVERSION = YES_AGGRESSIVE;
				CLANG_CXX_LANGUAGE_STANDARD = "gnu++14";
				CLANG_CXX_LIBRARY = "libc++";
				CLANG_ENABLE_MODULES = YES;
				CLANG_ENABLE_OBJC_ARC = YES;
				CLANG_ENABLE_OBJC_WEAK = YES;
				CLANG_WARN_BLOCK_CAPTURE_AUTORELEASING = YES;
				CLANG_WARN_BOOL_CONVERSION = YES;
				CLANG_WARN_COMMA = YES;
				CLANG_WARN_CONSTANT_CONVERSION = YES;
				CLANG_WARN_DEPRECATED_OBJC_IMPLEMENTATIONS = YES;
				CLANG_WARN_DIRECT_OBJC_ISA_USAGE = YES_ERROR;
				CLANG_WARN_DOCUMENTATION_COMMENTS = YES;
				CLANG_WARN_EMPTY_BODY = YES;
				CLANG_WARN_ENUM_CONVERSION = YES;
				CLANG_WARN_INFINITE_RECURSION = YES;
				CLANG_WARN_INT_CONVERSION = YES;
				CLANG_WARN_NON_LITERAL_NULL_CONVERSION = YES;
				CLANG_WARN_OBJC_IMPLICIT_RETAIN_SELF = YES;
				CLANG_WARN_OBJC_LITERAL_CONVERSION = YES;
				CLANG_WARN_OBJC_ROOT_CLASS = YES_ERROR;
				CLANG_WARN_RANGE_LOOP_ANALYSIS = YES;
				CLANG_WARN_STRICT_PROTOTYPES = YES;
				CLANG_WARN_SUSPICIOUS_MOVE = YES;
				CLANG_WARN_UNGUARDED_AVAILABILITY = YES_AGGRESSIVE;
				CLANG_WARN_UNREACHABLE_CODE = YES;
				CLANG_WARN__DUPLICATE_METHOD_MATCH = YES;
				CODE_SIGN_IDENTITY = "iPhone Developer";
				COPY_PHASE_STRIP = NO;
				DEBUG_INFORMATION_FORMAT = "dwarf-with-dsym";
				ENABLE_NS_ASSERTIONS = NO;
				ENABLE_STRICT_OBJC_MSGSEND = YES;
				GCC_C_LANGUAGE_STANDARD = gnu11;
				GCC_NO_COMMON_BLOCKS = YES;
				GCC_WARN_64_TO_32_BIT_CONVERSION = YES;
				GCC_WARN_ABOUT_RETURN_TYPE = YES_ERROR;
				GCC_WARN_UNDECLARED_SELECTOR = YES;
				GCC_WARN_UNINITIALIZED_AUTOS = YES_AGGRESSIVE;
				GCC_WARN_UNUSED_FUNCTION = YES;
				GCC_WARN_UNUSED_VARIABLE = YES;
				IPHONEOS_DEPLOYMENT_TARGET = 11.3;
				MTL_ENABLE_DEBUG_INFO = NO;
				SDKROOT = iphoneos;
				VALIDATE_PRODUCT = YES;
			};
			name = Release;
		};
		F4D615F020C00D470051FC5B /* Debug */ = {
			isa = XCBuildConfiguration;
			buildSettings = {
				ASSETCATALOG_COMPILER_APPICON_NAME = AppIcon;
				CODE_SIGN_STYLE = Automatic;
				DEVELOPMENT_TEAM = DFGPKV3K8S;
				INFOPLIST_FILE = "Pumped Up Kicks/Info.plist";
				LD_RUNPATH_SEARCH_PATHS = (
					"$(inherited)",
					"@executable_path/Frameworks",
				);
				PRODUCT_BUNDLE_IDENTIFIER = "a.Pumped-Up-Kicks";
				PRODUCT_NAME = "$(TARGET_NAME)";
				TARGETED_DEVICE_FAMILY = "1,2";
			};
			name = Debug;
		};
		F4D615F120C00D470051FC5B /* Release */ = {
			isa = XCBuildConfiguration;
			buildSettings = {
				ASSETCATALOG_COMPILER_APPICON_NAME = AppIcon;
				CODE_SIGN_STYLE = Automatic;
				DEVELOPMENT_TEAM = DFGPKV3K8S;
				INFOPLIST_FILE = "Pumped Up Kicks/Info.plist";
				LD_RUNPATH_SEARCH_PATHS = (
					"$(inherited)",
					"@executable_path/Frameworks",
				);
				PRODUCT_BUNDLE_IDENTIFIER = "a.Pumped-Up-Kicks";
				PRODUCT_NAME = "$(TARGET_NAME)";
				TARGETED_DEVICE_FAMILY = "1,2";
			};
			name = Release;
		};
/* End XCBuildConfiguration section */

/* Begin XCConfigurationList section */
		F4D615D420C00D460051FC5B /* Build configuration list for PBXProject "Pumped Up Kicks" */ = {
			isa = XCConfigurationList;
			buildConfigurations = (
				F4D615ED20C00D470051FC5B /* Debug */,
				F4D615EE20C00D470051FC5B /* Release */,
			);
			defaultConfigurationIsVisible = 0;
			defaultConfigurationName = Release;
		};
		F4D615EF20C00D470051FC5B /* Build configuration list for PBXNativeTarget "Pumped Up Kicks" */ = {
			isa = XCConfigurationList;
			buildConfigurations = (
				F4D615F020C00D470051FC5B /* Debug */,
				F4D615F120C00D470051FC5B /* Release */,
			);
			defaultConfigurationIsVisible = 0;
			defaultConfigurationName = Release;
		};
/* End XCConfigurationList section */
	};
	rootObject = F4D615D120C00D460051FC5B /* Project object */;
}
